
Microsoft Visual Studio Solution File, Format Version 12.00
# Visual Studio 2013
VisualStudioVersion = 12.0.31101.0
MinimumVisualStudioVersion = 10.0.40219.1
Project("{FAE04EC0-301F-11D3-BF4B-00C04F79EFBC}") = "1.3", "1.3\1.3.csproj", "{59BA7B92-0EC6-49D9-A1AF-99DE381F1B71}"
EndProject
Project("{FAE04EC0-301F-11D3-BF4B-00C04F79EFBC}") = "1,4", "1,4\1,4.csproj", "{C98600D8-580F-4940-914B-259E8107A51C}"
EndProject
Global
	GlobalSection(SolutionConfigurationPlatforms) = preSolution
		Debug|Any CPU = Debug|Any CPU
		Release|Any CPU = Release|Any CPU
	EndGlobalSection
	GlobalSection(ProjectConfigurationPlatforms) = postSolution
		{59BA7B92-0EC6-49D9-A1AF-99DE381F1B71}.Debug|Any CPU.ActiveCfg = Debug|Any CPU
		{59BA7B92-0EC6-49D9-A1AF-99DE381F1B71}.Debug|Any CPU.Build.0 = Debug|Any CPU
		{59BA7B92-0EC6-49D9-A1AF-99DE381F1B71}.Release|Any CPU.ActiveCfg = Release|Any CPU
		{59BA7B92-0EC6-49D9-A1AF-99DE381F1B71}.Release|Any CPU.Build.0 = Release|Any CPU
		{C98600D8-580F-4940-914B-259E8107A51C}.Debug|Any CPU.ActiveCfg = Debug|Any CPU
		{C98600D8-580F-4940-914B-259E8107A51C}.Debug|Any CPU.Build.0 = Debug|Any CPU
		{C98600D8-580F-4940-914B-259E8107A51C}.Release|Any CPU.ActiveCfg = Release|Any CPU
		{C98600D8-580F-4940-914B-259E8107A51C}.Release|Any CPU.Build.0 = Release|Any CPU
	EndGlobalSection
	GlobalSection(SolutionProperties) = preSolution
		HideSolutionNode = FALSE
	EndGlobalSection
EndGlobal
