
Microsoft Visual Studio Solution File, Format Version 12.00
# Visual Studio 15
VisualStudioVersion = 15.0.26430.14
MinimumVisualStudioVersion = 10.0.40219.1
Project("{FAE04EC0-301F-11D3-BF4B-00C04F79EFBC}") = "1.3", "Chapter1\Exercises\1.3\1.3.csproj", "{59BA7B92-0EC6-49D9-A1AF-99DE381F1B71}"
EndProject
Project("{FAE04EC0-301F-11D3-BF4B-00C04F79EFBC}") = "1.5", "Chapter1\Exercises\1.5\1.5.csproj", "{C98600D8-580F-4940-914B-259E8107A51C}"
EndProject
Project("{2150E333-8FDC-42A3-9474-1A3956D46DE8}") = "Chapter1", "Chapter1", "{80E6DED2-4206-4C11-9D8C-F41E084575FF}"
EndProject
Project("{2150E333-8FDC-42A3-9474-1A3956D46DE8}") = "Chapter2", "Chapter2", "{C4B75337-FCB7-4A06-AE84-3B5D969F3D78}"
EndProject
Project("{2150E333-8FDC-42A3-9474-1A3956D46DE8}") = "Exercises", "Exercises", "{35D32009-B29B-4656-804E-BB61454B26CF}"
EndProject
Project("{FAE04EC0-301F-11D3-BF4B-00C04F79EFBC}") = "LinkedLists", "Chapter2\LinkedList\LinkedLists.csproj", "{13A99AAC-669A-470A-8884-918C0BFC39DD}"
EndProject
Project("{FAE04EC0-301F-11D3-BF4B-00C04F79EFBC}") = "LinkedListTests", "Chapter2\LinkedListTests\LinkedListTests.csproj", "{067456C0-086C-46A8-B37F-1405717B7BFC}"
EndProject
Project("{2150E333-8FDC-42A3-9474-1A3956D46DE8}") = "Chapter3", "Chapter3", "{E1634B6F-6A9F-47BA-9EFF-2B4F41CBF1F1}"
EndProject
Project("{FAE04EC0-301F-11D3-BF4B-00C04F79EFBC}") = "StacksAndQueuesTests", "StacksTests\StacksAndQueuesTests.csproj", "{02A72FC7-AD1E-4D2B-BE42-77A101F58E51}"
EndProject
Global
	GlobalSection(SolutionConfigurationPlatforms) = preSolution
		Debug|Any CPU = Debug|Any CPU
		Release|Any CPU = Release|Any CPU
	EndGlobalSection
	GlobalSection(ProjectConfigurationPlatforms) = postSolution
		{59BA7B92-0EC6-49D9-A1AF-99DE381F1B71}.Debug|Any CPU.ActiveCfg = Debug|Any CPU
		{59BA7B92-0EC6-49D9-A1AF-99DE381F1B71}.Debug|Any CPU.Build.0 = Debug|Any CPU
		{59BA7B92-0EC6-49D9-A1AF-99DE381F1B71}.Release|Any CPU.ActiveCfg = Release|Any CPU
		{59BA7B92-0EC6-49D9-A1AF-99DE381F1B71}.Release|Any CPU.Build.0 = Release|Any CPU
		{C98600D8-580F-4940-914B-259E8107A51C}.Debug|Any CPU.ActiveCfg = Debug|Any CPU
		{C98600D8-580F-4940-914B-259E8107A51C}.Debug|Any CPU.Build.0 = Debug|Any CPU
		{C98600D8-580F-4940-914B-259E8107A51C}.Release|Any CPU.ActiveCfg = Release|Any CPU
		{C98600D8-580F-4940-914B-259E8107A51C}.Release|Any CPU.Build.0 = Release|Any CPU
		{13A99AAC-669A-470A-8884-918C0BFC39DD}.Debug|Any CPU.ActiveCfg = Debug|Any CPU
		{13A99AAC-669A-470A-8884-918C0BFC39DD}.Debug|Any CPU.Build.0 = Debug|Any CPU
		{13A99AAC-669A-470A-8884-918C0BFC39DD}.Release|Any CPU.ActiveCfg = Release|Any CPU
		{13A99AAC-669A-470A-8884-918C0BFC39DD}.Release|Any CPU.Build.0 = Release|Any CPU
		{067456C0-086C-46A8-B37F-1405717B7BFC}.Debug|Any CPU.ActiveCfg = Debug|Any CPU
		{067456C0-086C-46A8-B37F-1405717B7BFC}.Debug|Any CPU.Build.0 = Debug|Any CPU
		{067456C0-086C-46A8-B37F-1405717B7BFC}.Release|Any CPU.ActiveCfg = Release|Any CPU
		{067456C0-086C-46A8-B37F-1405717B7BFC}.Release|Any CPU.Build.0 = Release|Any CPU
		{02A72FC7-AD1E-4D2B-BE42-77A101F58E51}.Debug|Any CPU.ActiveCfg = Debug|Any CPU
		{02A72FC7-AD1E-4D2B-BE42-77A101F58E51}.Debug|Any CPU.Build.0 = Debug|Any CPU
		{02A72FC7-AD1E-4D2B-BE42-77A101F58E51}.Release|Any CPU.ActiveCfg = Release|Any CPU
		{02A72FC7-AD1E-4D2B-BE42-77A101F58E51}.Release|Any CPU.Build.0 = Release|Any CPU
	EndGlobalSection
	GlobalSection(SolutionProperties) = preSolution
		HideSolutionNode = FALSE
	EndGlobalSection
	GlobalSection(NestedProjects) = preSolution
		{59BA7B92-0EC6-49D9-A1AF-99DE381F1B71} = {80E6DED2-4206-4C11-9D8C-F41E084575FF}
		{C98600D8-580F-4940-914B-259E8107A51C} = {80E6DED2-4206-4C11-9D8C-F41E084575FF}
		{35D32009-B29B-4656-804E-BB61454B26CF} = {C4B75337-FCB7-4A06-AE84-3B5D969F3D78}
		{13A99AAC-669A-470A-8884-918C0BFC39DD} = {C4B75337-FCB7-4A06-AE84-3B5D969F3D78}
		{067456C0-086C-46A8-B37F-1405717B7BFC} = {C4B75337-FCB7-4A06-AE84-3B5D969F3D78}
		{02A72FC7-AD1E-4D2B-BE42-77A101F58E51} = {E1634B6F-6A9F-47BA-9EFF-2B4F41CBF1F1}
	EndGlobalSection
EndGlobal
